{
  "originHash" : "64f7d6bbfd769c99b6a9a4ff0c6c05d4dc50b2248af615b3acf861e8455c1fd5",
  "pins" : [
    {
      "identity" : "networkkit",
      "kind" : "remoteSourceControl",
      "location" : "https://github.com/DamienThomp/NetworkKit.git",
      "state" : {
        "revision" : "ce2be38562f93c972c03cb62b26c7ffe524b1439",
        "version" : "1.1.0"
      }
    }
  ],
  "version" : 3
}
